// !$*UTF8*$!
{
	archiveVersion = 1;
	classes = {
	};
	objectVersion = 55;
	objects = {

/* Begin PBXBuildFile section */
		F1C3DF5127E663E1009EE6ED /* AppDelegate.swift in Sources */ = {isa = PBXBuildFile; fileRef = F1C3DF5027E663E1009EE6ED /* AppDelegate.swift */; };
		F1C3DF5327E663E1009EE6ED /* SceneDelegate.swift in Sources */ = {isa = PBXBuildFile; fileRef = F1C3DF5227E663E1009EE6ED /* SceneDelegate.swift */; };
		F1C3DF5527E663E1009EE6ED /* ViewController.swift in Sources */ = {isa = PBXBuildFile; fileRef = F1C3DF5427E663E1009EE6ED /* ViewController.swift */; };
		F1C3DF5A27E663E5009EE6ED /* Assets.xcassets in Resources */ = {isa = PBXBuildFile; fileRef = F1C3DF5927E663E5009EE6ED /* Assets.xcassets */; };
		F1C3DF5D27E663E5009EE6ED /* LaunchScreen.storyboard in Resources */ = {isa = PBXBuildFile; fileRef = F1C3DF5B27E663E5009EE6ED /* LaunchScreen.storyboard */; };
		F1C3DF6627E66712009EE6ED /* SnapKit in Frameworks */ = {isa = PBXBuildFile; productRef = F1C3DF6527E66712009EE6ED /* SnapKit */; };
		F1C3DF6827E66757009EE6ED /* View.swift in Sources */ = {isa = PBXBuildFile; fileRef = F1C3DF6727E66757009EE6ED /* View.swift */; };
		F1C3DF6B27E66EE2009EE6ED /* UIViewController+Ext.swift in Sources */ = {isa = PBXBuildFile; fileRef = F1C3DF6A27E66EE2009EE6ED /* UIViewController+Ext.swift */; };
		F1C3DF6D27E6889B009EE6ED /* String+Ext.swift in Sources */ = {isa = PBXBuildFile; fileRef = F1C3DF6C27E6889B009EE6ED /* String+Ext.swift */; };
/* End PBXBuildFile section */

/* Begin PBXFileReference section */
		F1C3DF4D27E663E1009EE6ED /* Bin2Dec.app */ = {isa = PBXFileReference; explicitFileType = wrapper.application; includeInIndex = 0; path = Bin2Dec.app; sourceTree = BUILT_PRODUCTS_DIR; };
		F1C3DF5027E663E1009EE6ED /* AppDelegate.swift */ = {isa = PBXFileReference; lastKnownFileType = sourcecode.swift; path = AppDelegate.swift; sourceTree = "<group>"; };
		F1C3DF5227E663E1009EE6ED /* SceneDelegate.swift */ = {isa = PBXFileReference; lastKnownFileType = sourcecode.swift; path = SceneDelegate.swift; sourceTree = "<group>"; };
		F1C3DF5427E663E1009EE6ED /* ViewController.swift */ = {isa = PBXFileReference; lastKnownFileType = sourcecode.swift; path = ViewController.swift; sourceTree = "<group>"; };
		F1C3DF5927E663E5009EE6ED /* Assets.xcassets */ = {isa = PBXFileReference; lastKnownFileType = folder.assetcatalog; path = Assets.xcassets; sourceTree = "<group>"; };
		F1C3DF5C27E663E5009EE6ED /* Base */ = {isa = PBXFileReference; lastKnownFileType = file.storyboard; name = Base; path = Base.lproj/LaunchScreen.storyboard; sourceTree = "<group>"; };
		F1C3DF5E27E663E5009EE6ED /* Info.plist */ = {isa = PBXFileReference; lastKnownFileType = text.plist.xml; path = Info.plist; sourceTree = "<group>"; };
		F1C3DF6727E66757009EE6ED /* View.swift */ = {isa = PBXFileReference; lastKnownFileType = sourcecode.swift; path = View.swift; sourceTree = "<group>"; };
		F1C3DF6A27E66EE2009EE6ED /* UIViewController+Ext.swift */ = {isa = PBXFileReference; lastKnownFileType = sourcecode.swift; path = "UIViewController+Ext.swift"; sourceTree = "<group>"; };
		F1C3DF6C27E6889B009EE6ED /* String+Ext.swift */ = {isa = PBXFileReference; lastKnownFileType = sourcecode.swift; path = "String+Ext.swift"; sourceTree = "<group>"; };
/* End PBXFileReference section */

/* Begin PBXFrameworksBuildPhase section */
		F1C3DF4A27E663E1009EE6ED /* Frameworks */ = {
			isa = PBXFrameworksBuildPhase;
			buildActionMask = 2147483647;
			files = (
				F1C3DF6627E66712009EE6ED /* SnapKit in Frameworks */,
			);
			runOnlyForDeploymentPostprocessing = 0;
		};
/* End PBXFrameworksBuildPhase section */

/* Begin PBXGroup section */
		F1C3DF4427E663E1009EE6ED = {
			isa = PBXGroup;
			children = (
				F1C3DF4F27E663E1009EE6ED /* Bin2Dec */,
				F1C3DF4E27E663E1009EE6ED /* Products */,
			);
			sourceTree = "<group>";
		};
		F1C3DF4E27E663E1009EE6ED /* Products */ = {
			isa = PBXGroup;
			children = (
				F1C3DF4D27E663E1009EE6ED /* Bin2Dec.app */,
			);
			name = Products;
			sourceTree = "<group>";
		};
		F1C3DF4F27E663E1009EE6ED /* Bin2Dec */ = {
			isa = PBXGroup;
			children = (
				F1C3DF6927E66E5C009EE6ED /* Extensions */,
				F1C3DF5027E663E1009EE6ED /* AppDelegate.swift */,
				F1C3DF5227E663E1009EE6ED /* SceneDelegate.swift */,
				F1C3DF5427E663E1009EE6ED /* ViewController.swift */,
				F1C3DF5927E663E5009EE6ED /* Assets.xcassets */,
				F1C3DF5B27E663E5009EE6ED /* LaunchScreen.storyboard */,
				F1C3DF5E27E663E5009EE6ED /* Info.plist */,
				F1C3DF6727E66757009EE6ED /* View.swift */,
			);
			path = Bin2Dec;
			sourceTree = "<group>";
		};
		F1C3DF6927E66E5C009EE6ED /* Extensions */ = {
			isa = PBXGroup;
			children = (
				F1C3DF6A27E66EE2009EE6ED /* UIViewController+Ext.swift */,
				F1C3DF6C27E6889B009EE6ED /* String+Ext.swift */,
			);
			path = Extensions;
			sourceTree = "<group>";
		};
/* End PBXGroup section */

/* Begin PBXNativeTarget section */
		F1C3DF4C27E663E1009EE6ED /* Bin2Dec */ = {
			isa = PBXNativeTarget;
			buildConfigurationList = F1C3DF6127E663E5009EE6ED /* Build configuration list for PBXNativeTarget "Bin2Dec" */;
			buildPhases = (
				F1C3DF4927E663E1009EE6ED /* Sources */,
				F1C3DF4A27E663E1009EE6ED /* Frameworks */,
				F1C3DF4B27E663E1009EE6ED /* Resources */,
			);
			buildRules = (
			);
			dependencies = (
			);
			name = Bin2Dec;
			packageProductDependencies = (
				F1C3DF6527E66712009EE6ED /* SnapKit */,
			);
			productName = Bin2Dec;
			productReference = F1C3DF4D27E663E1009EE6ED /* Bin2Dec.app */;
			productType = "com.apple.product-type.application";
		};
/* End PBXNativeTarget section */

/* Begin PBXProject section */
		F1C3DF4527E663E1009EE6ED /* Project object */ = {
			isa = PBXProject;
			attributes = {
				BuildIndependentTargetsInParallel = 1;
				LastSwiftUpdateCheck = 1300;
				LastUpgradeCheck = 1300;
				TargetAttributes = {
					F1C3DF4C27E663E1009EE6ED = {
						CreatedOnToolsVersion = 13.0;
					};
				};
			};
			buildConfigurationList = F1C3DF4827E663E1009EE6ED /* Build configuration list for PBXProject "Bin2Dec" */;
			compatibilityVersion = "Xcode 13.0";
			developmentRegion = en;
			hasScannedForEncodings = 0;
			knownRegions = (
				en,
				Base,
			);
			mainGroup = F1C3DF4427E663E1009EE6ED;
			packageReferences = (
				F1C3DF6427E66712009EE6ED /* XCRemoteSwiftPackageReference "SnapKit" */,
			);
			productRefGroup = F1C3DF4E27E663E1009EE6ED /* Products */;
			projectDirPath = "";
			projectRoot = "";
			targets = (
				F1C3DF4C27E663E1009EE6ED /* Bin2Dec */,
			);
		};
/* End PBXProject section */

/* Begin PBXResourcesBuildPhase section */
		F1C3DF4B27E663E1009EE6ED /* Resources */ = {
			isa = PBXResourcesBuildPhase;
			buildActionMask = 2147483647;
			files = (
				F1C3DF5D27E663E5009EE6ED /* LaunchScreen.storyboard in Resources */,
				F1C3DF5A27E663E5009EE6ED /* Assets.xcassets in Resources */,
			);
			runOnlyForDeploymentPostprocessing = 0;
		};
/* End PBXResourcesBuildPhase section */

/* Begin PBXSourcesBuildPhase section */
		F1C3DF4927E663E1009EE6ED /* Sources */ = {
			isa = PBXSourcesBuildPhase;
			buildActionMask = 2147483647;
			files = (
				F1C3DF6D27E6889B009EE6ED /* String+Ext.swift in Sources */,
				F1C3DF6827E66757009EE6ED /* View.swift in Sources */,
				F1C3DF5527E663E1009EE6ED /* ViewController.swift in Sources */,
				F1C3DF6B27E66EE2009EE6ED /* UIViewController+Ext.swift in Sources */,
				F1C3DF5127E663E1009EE6ED /* AppDelegate.swift in Sources */,
				F1C3DF5327E663E1009EE6ED /* SceneDelegate.swift in Sources */,
			);
			runOnlyForDeploymentPostprocessing = 0;
		};
/* End PBXSourcesBuildPhase section */

/* Begin PBXVariantGroup section */
		F1C3DF5B27E663E5009EE6ED /* LaunchScreen.storyboard */ = {
			isa = PBXVariantGroup;
			children = (
				F1C3DF5C27E663E5009EE6ED /* Base */,
			);
			name = LaunchScreen.storyboard;
			sourceTree = "<group>";
		};
/* End PBXVariantGroup section */

/* Begin XCBuildConfiguration section */
		F1C3DF5F27E663E5009EE6ED /* Debug */ = {
			isa = XCBuildConfiguration;
			buildSettings = {
				ALWAYS_SEARCH_USER_PATHS = NO;
				CLANG_ANALYZER_NONNULL = YES;
				CLANG_ANALYZER_NUMBER_OBJECT_CONVERSION = YES_AGGRESSIVE;
				CLANG_CXX_LANGUAGE_STANDARD = "gnu++17";
				CLANG_CXX_LIBRARY = "libc++";
				CLANG_ENABLE_MODULES = YES;
				CLANG_ENABLE_OBJC_ARC = YES;
				CLANG_ENABLE_OBJC_WEAK = YES;
				CLANG_WARN_BLOCK_CAPTURE_AUTORELEASING = YES;
				CLANG_WARN_BOOL_CONVERSION = YES;
				CLANG_WARN_COMMA = YES;
				CLANG_WARN_CONSTANT_CONVERSION = YES;
				CLANG_WARN_DEPRECATED_OBJC_IMPLEMENTATIONS = YES;
				CLANG_WARN_DIRECT_OBJC_ISA_USAGE = YES_ERROR;
				CLANG_WARN_DOCUMENTATION_COMMENTS = YES;
				CLANG_WARN_EMPTY_BODY = YES;
				CLANG_WARN_ENUM_CONVERSION = YES;
				CLANG_WARN_INFINITE_RECURSION = YES;
				CLANG_WARN_INT_CONVERSION = YES;
				CLANG_WARN_NON_LITERAL_NULL_CONVERSION = YES;
				CLANG_WARN_OBJC_IMPLICIT_RETAIN_SELF = YES;
				CLANG_WARN_OBJC_LITERAL_CONVERSION = YES;
				CLANG_WARN_OBJC_ROOT_CLASS = YES_ERROR;
				CLANG_WARN_QUOTED_INCLUDE_IN_FRAMEWORK_HEADER = YES;
				CLANG_WARN_RANGE_LOOP_ANALYSIS = YES;
				CLANG_WARN_STRICT_PROTOTYPES = YES;
				CLANG_WARN_SUSPICIOUS_MOVE = YES;
				CLANG_WARN_UNGUARDED_AVAILABILITY = YES_AGGRESSIVE;
				CLANG_WARN_UNREACHABLE_CODE = YES;
				CLANG_WARN__DUPLICATE_METHOD_MATCH = YES;
				COPY_PHASE_STRIP = NO;
				DEBUG_INFORMATION_FORMAT = dwarf;
				ENABLE_STRICT_OBJC_MSGSEND = YES;
				ENABLE_TESTABILITY = YES;
				GCC_C_LANGUAGE_STANDARD = gnu11;
				GCC_DYNAMIC_NO_PIC = NO;
				GCC_NO_COMMON_BLOCKS = YES;
				GCC_OPTIMIZATION_LEVEL = 0;
				GCC_PREPROCESSOR_DEFINITIONS = (
					"DEBUG=1",
					"$(inherited)",
				);
				GCC_WARN_64_TO_32_BIT_CONVERSION = YES;
				GCC_WARN_ABOUT_RETURN_TYPE = YES_ERROR;
				GCC_WARN_UNDECLARED_SELECTOR = YES;
				GCC_WARN_UNINITIALIZED_AUTOS = YES_AGGRESSIVE;
				GCC_WARN_UNUSED_FUNCTION = YES;
				GCC_WARN_UNUSED_VARIABLE = YES;
				IPHONEOS_DEPLOYMENT_TARGET = 15.0;
				MTL_ENABLE_DEBUG_INFO = INCLUDE_SOURCE;
				MTL_FAST_MATH = YES;
				ONLY_ACTIVE_ARCH = YES;
				SDKROOT = iphoneos;
				SWIFT_ACTIVE_COMPILATION_CONDITIONS = DEBUG;
				SWIFT_OPTIMIZATION_LEVEL = "-Onone";
			};
			name = Debug;
		};
		F1C3DF6027E663E5009EE6ED /* Release */ = {
			isa = XCBuildConfiguration;
			buildSettings = {
				ALWAYS_SEARCH_USER_PATHS = NO;
				CLANG_ANALYZER_NONNULL = YES;
				CLANG_ANALYZER_NUMBER_OBJECT_CONVERSION = YES_AGGRESSIVE;
				CLANG_CXX_LANGUAGE_STANDARD = "gnu++17";
				CLANG_CXX_LIBRARY = "libc++";
				CLANG_ENABLE_MODULES = YES;
				CLANG_ENABLE_OBJC_ARC = YES;
				CLANG_ENABLE_OBJC_WEAK = YES;
				CLANG_WARN_BLOCK_CAPTURE_AUTORELEASING = YES;
				CLANG_WARN_BOOL_CONVERSION = YES;
				CLANG_WARN_COMMA = YES;
				CLANG_WARN_CONSTANT_CONVERSION = YES;
				CLANG_WARN_DEPRECATED_OBJC_IMPLEMENTATIONS = YES;
				CLANG_WARN_DIRECT_OBJC_ISA_USAGE = YES_ERROR;
				CLANG_WARN_DOCUMENTATION_COMMENTS = YES;
				CLANG_WARN_EMPTY_BODY = YES;
				CLANG_WARN_ENUM_CONVERSION = YES;
				CLANG_WARN_INFINITE_RECURSION = YES;
				CLANG_WARN_INT_CONVERSION = YES;
				CLANG_WARN_NON_LITERAL_NULL_CONVERSION = YES;
				CLANG_WARN_OBJC_IMPLICIT_RETAIN_SELF = YES;
				CLANG_WARN_OBJC_LITERAL_CONVERSION = YES;
				CLANG_WARN_OBJC_ROOT_CLASS = YES_ERROR;
				CLANG_WARN_QUOTED_INCLUDE_IN_FRAMEWORK_HEADER = YES;
				CLANG_WARN_RANGE_LOOP_ANALYSIS = YES;
				CLANG_WARN_STRICT_PROTOTYPES = YES;
				CLANG_WARN_SUSPICIOUS_MOVE = YES;
				CLANG_WARN_UNGUARDED_AVAILABILITY = YES_AGGRESSIVE;
				CLANG_WARN_UNREACHABLE_CODE = YES;
				CLANG_WARN__DUPLICATE_METHOD_MATCH = YES;
				COPY_PHASE_STRIP = NO;
				DEBUG_INFORMATION_FORMAT = "dwarf-with-dsym";
				ENABLE_NS_ASSERTIONS = NO;
				ENABLE_STRICT_OBJC_MSGSEND = YES;
				GCC_C_LANGUAGE_STANDARD = gnu11;
				GCC_NO_COMMON_BLOCKS = YES;
				GCC_WARN_64_TO_32_BIT_CONVERSION = YES;
				GCC_WARN_ABOUT_RETURN_TYPE = YES_ERROR;
				GCC_WARN_UNDECLARED_SELECTOR = YES;
				GCC_WARN_UNINITIALIZED_AUTOS = YES_AGGRESSIVE;
				GCC_WARN_UNUSED_FUNCTION = YES;
				GCC_WARN_UNUSED_VARIABLE = YES;
				IPHONEOS_DEPLOYMENT_TARGET = 15.0;
				MTL_ENABLE_DEBUG_INFO = NO;
				MTL_FAST_MATH = YES;
				SDKROOT = iphoneos;
				SWIFT_COMPILATION_MODE = wholemodule;
				SWIFT_OPTIMIZATION_LEVEL = "-O";
				VALIDATE_PRODUCT = YES;
			};
			name = Release;
		};
		F1C3DF6227E663E5009EE6ED /* Debug */ = {
			isa = XCBuildConfiguration;
			buildSettings = {
				ASSETCATALOG_COMPILER_APPICON_NAME = AppIcon;
				ASSETCATALOG_COMPILER_GLOBAL_ACCENT_COLOR_NAME = AccentColor;
				CODE_SIGN_STYLE = Automatic;
				CURRENT_PROJECT_VERSION = 1;
				DEVELOPMENT_TEAM = J3Q7HWN3W7;
				GENERATE_INFOPLIST_FILE = YES;
				INFOPLIST_FILE = Bin2Dec/Info.plist;
				INFOPLIST_KEY_UIApplicationSupportsIndirectInputEvents = YES;
				INFOPLIST_KEY_UILaunchStoryboardName = LaunchScreen;
				INFOPLIST_KEY_UISupportedInterfaceOrientations_iPad = "UIInterfaceOrientationPortrait UIInterfaceOrientationPortraitUpsideDown UIInterfaceOrientationLandscapeLeft UIInterfaceOrientationLandscapeRight";
				INFOPLIST_KEY_UISupportedInterfaceOrientations_iPhone = "UIInterfaceOrientationPortrait UIInterfaceOrientationLandscapeLeft UIInterfaceOrientationLandscapeRight";
				LD_RUNPATH_SEARCH_PATHS = (
					"$(inherited)",
					"@executable_path/Frameworks",
				);
				MARKETING_VERSION = 1.0;
				PRODUCT_BUNDLE_IDENTIFIER = com.gustavo.anjos.Bin2Dec;
				PRODUCT_NAME = "$(TARGET_NAME)";
				SWIFT_EMIT_LOC_STRINGS = YES;
				SWIFT_VERSION = 5.0;
				TARGETED_DEVICE_FAMILY = "1,2";
			};
			name = Debug;
		};
		F1C3DF6327E663E5009EE6ED /* Release */ = {
			isa = XCBuildConfiguration;
			buildSettings = {
				ASSETCATALOG_COMPILER_APPICON_NAME = AppIcon;
				ASSETCATALOG_COMPILER_GLOBAL_ACCENT_COLOR_NAME = AccentColor;
				CODE_SIGN_STYLE = Automatic;
				CURRENT_PROJECT_VERSION = 1;
				DEVELOPMENT_TEAM = J3Q7HWN3W7;
				GENERATE_INFOPLIST_FILE = YES;
				INFOPLIST_FILE = Bin2Dec/Info.plist;
				INFOPLIST_KEY_UIApplicationSupportsIndirectInputEvents = YES;
				INFOPLIST_KEY_UILaunchStoryboardName = LaunchScreen;
				INFOPLIST_KEY_UISupportedInterfaceOrientations_iPad = "UIInterfaceOrientationPortrait UIInterfaceOrientationPortraitUpsideDown UIInterfaceOrientationLandscapeLeft UIInterfaceOrientationLandscapeRight";
				INFOPLIST_KEY_UISupportedInterfaceOrientations_iPhone = "UIInterfaceOrientationPortrait UIInterfaceOrientationLandscapeLeft UIInterfaceOrientationLandscapeRight";
				LD_RUNPATH_SEARCH_PATHS = (
					"$(inherited)",
					"@executable_path/Frameworks",
				);
				MARKETING_VERSION = 1.0;
				PRODUCT_BUNDLE_IDENTIFIER = com.gustavo.anjos.Bin2Dec;
				PRODUCT_NAME = "$(TARGET_NAME)";
				SWIFT_EMIT_LOC_STRINGS = YES;
				SWIFT_VERSION = 5.0;
				TARGETED_DEVICE_FAMILY = "1,2";
			};
			name = Release;
		};
/* End XCBuildConfiguration section */

/* Begin XCConfigurationList section */
		F1C3DF4827E663E1009EE6ED /* Build configuration list for PBXProject "Bin2Dec" */ = {
			isa = XCConfigurationList;
			buildConfigurations = (
				F1C3DF5F27E663E5009EE6ED /* Debug */,
				F1C3DF6027E663E5009EE6ED /* Release */,
			);
			defaultConfigurationIsVisible = 0;
			defaultConfigurationName = Release;
		};
		F1C3DF6127E663E5009EE6ED /* Build configuration list for PBXNativeTarget "Bin2Dec" */ = {
			isa = XCConfigurationList;
			buildConfigurations = (
				F1C3DF6227E663E5009EE6ED /* Debug */,
				F1C3DF6327E663E5009EE6ED /* Release */,
			);
			defaultConfigurationIsVisible = 0;
			defaultConfigurationName = Release;
		};
/* End XCConfigurationList section */

/* Begin XCRemoteSwiftPackageReference section */
		F1C3DF6427E66712009EE6ED /* XCRemoteSwiftPackageReference "SnapKit" */ = {
			isa = XCRemoteSwiftPackageReference;
			repositoryURL = "https://github.com/SnapKit/SnapKit.git";
			requirement = {
				kind = upToNextMajorVersion;
				minimumVersion = 5.0.0;
			};
		};
/* End XCRemoteSwiftPackageReference section */

/* Begin XCSwiftPackageProductDependency section */
		F1C3DF6527E66712009EE6ED /* SnapKit */ = {
			isa = XCSwiftPackageProductDependency;
			package = F1C3DF6427E66712009EE6ED /* XCRemoteSwiftPackageReference "SnapKit" */;
			productName = SnapKit;
		};
/* End XCSwiftPackageProductDependency section */
	};
	rootObject = F1C3DF4527E663E1009EE6ED /* Project object */;
}
